
Microsoft Visual Studio Solution File, Format Version 12.00
# Visual Studio Version 16
VisualStudioVersion = 16.0.31829.152
MinimumVisualStudioVersion = 10.0.40219.1
Project("{FAE04EC0-301F-11D3-BF4B-00C04F79EFBC}") = "Задание4_1", "Задание4_1\Задание4_1.csproj", "{68A9527B-801D-4F19-B2AB-EE67EAF87471}"
EndProject
Project("{FAE04EC0-301F-11D3-BF4B-00C04F79EFBC}") = "Задание4_2", "Задание4_2\Задание4_2.csproj", "{EECE43BB-0C60-4DC4-9885-CB09F7C6BF68}"
EndProject
Project("{FAE04EC0-301F-11D3-BF4B-00C04F79EFBC}") = "Задание4_3", "Задание4_3\Задание4_3.csproj", "{7E97E85E-761B-4E3A-9140-A869D85D8891}"
EndProject
Global
	GlobalSection(SolutionConfigurationPlatforms) = preSolution
		Debug|Any CPU = Debug|Any CPU
		Release|Any CPU = Release|Any CPU
	EndGlobalSection
	GlobalSection(ProjectConfigurationPlatforms) = postSolution
		{68A9527B-801D-4F19-B2AB-EE67EAF87471}.Debug|Any CPU.ActiveCfg = Debug|Any CPU
		{68A9527B-801D-4F19-B2AB-EE67EAF87471}.Debug|Any CPU.Build.0 = Debug|Any CPU
		{68A9527B-801D-4F19-B2AB-EE67EAF87471}.Release|Any CPU.ActiveCfg = Release|Any CPU
		{68A9527B-801D-4F19-B2AB-EE67EAF87471}.Release|Any CPU.Build.0 = Release|Any CPU
		{EECE43BB-0C60-4DC4-9885-CB09F7C6BF68}.Debug|Any CPU.ActiveCfg = Debug|Any CPU
		{EECE43BB-0C60-4DC4-9885-CB09F7C6BF68}.Debug|Any CPU.Build.0 = Debug|Any CPU
		{EECE43BB-0C60-4DC4-9885-CB09F7C6BF68}.Release|Any CPU.ActiveCfg = Release|Any CPU
		{EECE43BB-0C60-4DC4-9885-CB09F7C6BF68}.Release|Any CPU.Build.0 = Release|Any CPU
		{7E97E85E-761B-4E3A-9140-A869D85D8891}.Debug|Any CPU.ActiveCfg = Debug|Any CPU
		{7E97E85E-761B-4E3A-9140-A869D85D8891}.Debug|Any CPU.Build.0 = Debug|Any CPU
		{7E97E85E-761B-4E3A-9140-A869D85D8891}.Release|Any CPU.ActiveCfg = Release|Any CPU
		{7E97E85E-761B-4E3A-9140-A869D85D8891}.Release|Any CPU.Build.0 = Release|Any CPU
	EndGlobalSection
	GlobalSection(SolutionProperties) = preSolution
		HideSolutionNode = FALSE
	EndGlobalSection
	GlobalSection(ExtensibilityGlobals) = postSolution
		SolutionGuid = {96577FA9-B458-4546-8E6F-FB6D96BD93CE}
	EndGlobalSection
EndGlobal
